{
  "name": "types-layer",
  "version": "1.0.0",
  "lockfileVersion": 2,
  "requires": true,
  "packages": {
    "": {
      "version": "1.0.0",
      "license": "ISC",
      "dependencies": {
        "@altostra/type-validations": "^2.4.2"
      }
    },
    "node_modules/@altostra/type-validations": {
      "version": "2.4.2",
      "integrity": "sha512-6J3bGwLpYqpE5nJm1Mrfugk+PZoN48916Lc+xN4/UXQNpRikml9TsY8Y6GASUdTNlZftSdtzHUzAp/pMB6vw6w==",
      "dependencies": {
        "@reactivex/ix-es2015-cjs": "~3.0.2"
      }
    },
    "node_modules/@reactivex/ix-es2015-cjs": {
      "version": "3.0.2",
      "integrity": "sha512-us+IT5JMSSpr8QfagzeG4IFQSi7IVgHIlb3s8ZsHTIqh4mNo7kenR51jBk9ZHBzgwbAcAg3lwFk9futi3oMZJg==",
      "dependencies": {
        "@types/node": "^13.7.4",
        "tslib": "^1.9.3"
      }
    },
    "node_modules/tslib": {
      "version": "1.14.1",
      "integrity": "sha512-Xni35NKzjgMrwevysHTCArtLDpPvye8zV/0E4EyYn43P7/7qvQwPh9BGkHewbMulVntbigmcT7rdX3BNo9wRJg=="
    }
  },
  "dependencies": {
    "@altostra/type-validations": {
      "version": "2.4.2",
      "integrity": "sha512-6J3bGwLpYqpE5nJm1Mrfugk+PZoN48916Lc+xN4/UXQNpRikml9TsY8Y6GASUdTNlZftSdtzHUzAp/pMB6vw6w==",
      "requires": {
        "@reactivex/ix-es2015-cjs": "~3.0.2"
      }
    },
    "@reactivex/ix-es2015-cjs": {
      "version": "3.0.2",
      "integrity": "sha512-us+IT5JMSSpr8QfagzeG4IFQSi7IVgHIlb3s8ZsHTIqh4mNo7kenR51jBk9ZHBzgwbAcAg3lwFk9futi3oMZJg==",
      "requires": {
        "@types/node": "^13.7.4",
        "tslib": "^1.9.3"
      }
    },
    "tslib": {
      "version": "1.14.1",
      "integrity": "sha512-Xni35NKzjgMrwevysHTCArtLDpPvye8zV/0E4EyYn43P7/7qvQwPh9BGkHewbMulVntbigmcT7rdX3BNo9wRJg=="
    }
  }
}
